
Microsoft Visual Studio Solution File, Format Version 12.00
# Visual Studio Version 17
VisualStudioVersion = 17.3.32819.101
MinimumVisualStudioVersion = 10.0.40219.1
Project("{FAE04EC0-301F-11D3-BF4B-00C04F79EFBC}") = "TallerTECService", "TallerTECService.csproj", "{210C204B-B6DD-497B-B982-7AD207263F12}"
EndProject
Global
	GlobalSection(SolutionConfigurationPlatforms) = preSolution
		Debug|Any CPU = Debug|Any CPU
		Release|Any CPU = Release|Any CPU
	EndGlobalSection
	GlobalSection(ProjectConfigurationPlatforms) = postSolution
		{210C204B-B6DD-497B-B982-7AD207263F12}.Debug|Any CPU.ActiveCfg = Debug|Any CPU
		{210C204B-B6DD-497B-B982-7AD207263F12}.Debug|Any CPU.Build.0 = Debug|Any CPU
		{210C204B-B6DD-497B-B982-7AD207263F12}.Release|Any CPU.ActiveCfg = Release|Any CPU
		{210C204B-B6DD-497B-B982-7AD207263F12}.Release|Any CPU.Build.0 = Release|Any CPU
	EndGlobalSection
	GlobalSection(SolutionProperties) = preSolution
		HideSolutionNode = FALSE
	EndGlobalSection
	GlobalSection(ExtensibilityGlobals) = postSolution
		SolutionGuid = {50CFBB9D-E409-4FD4-9F51-56BA85F05500}
	EndGlobalSection
EndGlobal
